
Microsoft Visual Studio Solution File, Format Version 12.00
# Visual Studio 14
VisualStudioVersion = 14.0.25420.1
MinimumVisualStudioVersion = 10.0.40219.1
Project("{2150E333-8FDC-42A3-9474-1A3956D46DE8}") = "src", "src", "{E8E7ADB8-D46F-4D1A-8F45-9965305D3159}"
EndProject
Project("{2150E333-8FDC-42A3-9474-1A3956D46DE8}") = "Solution Items", "Solution Items", "{75D718B0-356C-4F1E-9D2D-3C4C8BC90F78}"
	ProjectSection(SolutionItems) = preProject
		global.json = global.json
	EndProjectSection
EndProject
Project("{8BB2217D-0F2D-49D1-97BC-3654ED321F3B}") = "eRegistration", "src\eRegistration\eRegistration.xproj", "{CA059250-504E-4EBE-98FF-AB2D21DF287F}"
EndProject
Project("{8BB2217D-0F2D-49D1-97BC-3654ED321F3B}") = "DataBaseModel", "src\DataBaseModel\DataBaseModel.xproj", "{89234A08-C7F5-49D6-866B-B438A52AE912}"
EndProject
Global
	GlobalSection(SolutionConfigurationPlatforms) = preSolution
		Debug|Any CPU = Debug|Any CPU
		Release|Any CPU = Release|Any CPU
	EndGlobalSection
	GlobalSection(ProjectConfigurationPlatforms) = postSolution
		{CA059250-504E-4EBE-98FF-AB2D21DF287F}.Debug|Any CPU.ActiveCfg = Debug|Any CPU
		{CA059250-504E-4EBE-98FF-AB2D21DF287F}.Debug|Any CPU.Build.0 = Debug|Any CPU
		{CA059250-504E-4EBE-98FF-AB2D21DF287F}.Release|Any CPU.ActiveCfg = Release|Any CPU
		{CA059250-504E-4EBE-98FF-AB2D21DF287F}.Release|Any CPU.Build.0 = Release|Any CPU
		{89234A08-C7F5-49D6-866B-B438A52AE912}.Debug|Any CPU.ActiveCfg = Debug|Any CPU
		{89234A08-C7F5-49D6-866B-B438A52AE912}.Debug|Any CPU.Build.0 = Debug|Any CPU
		{89234A08-C7F5-49D6-866B-B438A52AE912}.Release|Any CPU.ActiveCfg = Release|Any CPU
		{89234A08-C7F5-49D6-866B-B438A52AE912}.Release|Any CPU.Build.0 = Release|Any CPU
	EndGlobalSection
	GlobalSection(SolutionProperties) = preSolution
		HideSolutionNode = FALSE
	EndGlobalSection
	GlobalSection(NestedProjects) = preSolution
		{CA059250-504E-4EBE-98FF-AB2D21DF287F} = {E8E7ADB8-D46F-4D1A-8F45-9965305D3159}
		{89234A08-C7F5-49D6-866B-B438A52AE912} = {E8E7ADB8-D46F-4D1A-8F45-9965305D3159}
	EndGlobalSection
EndGlobal
